
Microsoft Visual Studio Solution File, Format Version 12.00
# Visual Studio Version 17
VisualStudioVersion = 17.14.36623.8 d17.14
MinimumVisualStudioVersion = 10.0.40219.1
Project("{FAE04EC0-301F-11D3-BF4B-00C04F79EFBC}") = "ScreenPDF", "ScreenPDF.csproj", "{EB9450E9-EB46-4564-80BB-E8EF5E19E468}"
EndProject
Global
	GlobalSection(SolutionConfigurationPlatforms) = preSolution
		Debug|Any CPU = Debug|Any CPU
		Release|Any CPU = Release|Any CPU
	EndGlobalSection
	GlobalSection(ProjectConfigurationPlatforms) = postSolution
		{EB9450E9-EB46-4564-80BB-E8EF5E19E468}.Debug|Any CPU.ActiveCfg = Debug|Any CPU
		{EB9450E9-EB46-4564-80BB-E8EF5E19E468}.Debug|Any CPU.Build.0 = Debug|Any CPU
		{EB9450E9-EB46-4564-80BB-E8EF5E19E468}.Release|Any CPU.ActiveCfg = Release|Any CPU
		{EB9450E9-EB46-4564-80BB-E8EF5E19E468}.Release|Any CPU.Build.0 = Release|Any CPU
	EndGlobalSection
	GlobalSection(SolutionProperties) = preSolution
		HideSolutionNode = FALSE
	EndGlobalSection
	GlobalSection(ExtensibilityGlobals) = postSolution
		SolutionGuid = {C65B196A-913C-4A63-B3A1-6537E5A6F9E7}
	EndGlobalSection
EndGlobal
